// !$*UTF8*$!
{
	archiveVersion = 1;
	classes = {
	};
	objectVersion = 46;
	objects = {

/* Begin PBXBuildFile section */
		04D78C971A7E9EB60025499C /* AppDelegate.swift in Sources */ = {isa = PBXBuildFile; fileRef = 04D78C961A7E9EB60025499C /* AppDelegate.swift */; };
		04D78C991A7E9EB60025499C /* BoardingCardViewController.swift in Sources */ = {isa = PBXBuildFile; fileRef = 04D78C981A7E9EB60025499C /* BoardingCardViewController.swift */; };
		04D78C9C1A7E9EB60025499C /* Main.storyboard in Resources */ = {isa = PBXBuildFile; fileRef = 04D78C9A1A7E9EB60025499C /* Main.storyboard */; };
		04D78C9E1A7E9EB60025499C /* Images.xcassets in Resources */ = {isa = PBXBuildFile; fileRef = 04D78C9D1A7E9EB60025499C /* Images.xcassets */; };
		04D78CA11A7E9EB60025499C /* LaunchScreen.xib in Resources */ = {isa = PBXBuildFile; fileRef = 04D78C9F1A7E9EB60025499C /* LaunchScreen.xib */; };
		04D78CB71A7ECC0E0025499C /* BoardingCardCell.swift in Sources */ = {isa = PBXBuildFile; fileRef = 04D78CB61A7ECC0E0025499C /* BoardingCardCell.swift */; };
		04D78CBB1A7ECDD40025499C /* BoardingCardViewControllerTests.swift in Sources */ = {isa = PBXBuildFile; fileRef = 04D78CBA1A7ECDD40025499C /* BoardingCardViewControllerTests.swift */; };
		04D78CC41A7ECF0D0025499C /* BoardingCardCellTests.swift in Sources */ = {isa = PBXBuildFile; fileRef = 04D78CC31A7ECF0D0025499C /* BoardingCardCellTests.swift */; };
		04D78CC61A7ED5410025499C /* BoardingCard.swift in Sources */ = {isa = PBXBuildFile; fileRef = 04D78CC51A7ED5410025499C /* BoardingCard.swift */; };
		04D78CC81A7ED7A20025499C /* FlightBoardingCard.swift in Sources */ = {isa = PBXBuildFile; fileRef = 04D78CC71A7ED7A20025499C /* FlightBoardingCard.swift */; };
		04D78CCA1A7ED9770025499C /* TrainBoardingCard.swift in Sources */ = {isa = PBXBuildFile; fileRef = 04D78CC91A7ED9770025499C /* TrainBoardingCard.swift */; };
		04D78CCC1A7ED9BF0025499C /* BusBoardingCard.swift in Sources */ = {isa = PBXBuildFile; fileRef = 04D78CCB1A7ED9BF0025499C /* BusBoardingCard.swift */; };
		04D78CCE1A7EDA340025499C /* BoardingCardSorterTests.swift in Sources */ = {isa = PBXBuildFile; fileRef = 04D78CCD1A7EDA340025499C /* BoardingCardSorterTests.swift */; };
		04D78CD11A7EDE3E0025499C /* BoardingCardSorter.swift in Sources */ = {isa = PBXBuildFile; fileRef = 04D78CD01A7EDE3E0025499C /* BoardingCardSorter.swift */; };
/* End PBXBuildFile section */

/* Begin PBXContainerItemProxy section */
		04D78CA71A7E9EB60025499C /* PBXContainerItemProxy */ = {
			isa = PBXContainerItemProxy;
			containerPortal = 04D78C891A7E9EB40025499C /* Project object */;
			proxyType = 1;
			remoteGlobalIDString = 04D78C901A7E9EB40025499C;
			remoteInfo = BoardingCards;
		};
/* End PBXContainerItemProxy section */

/* Begin PBXFileReference section */
		04D78C911A7E9EB40025499C /* BoardingCards.app */ = {isa = PBXFileReference; explicitFileType = wrapper.application; includeInIndex = 0; path = BoardingCards.app; sourceTree = BUILT_PRODUCTS_DIR; };
		04D78C951A7E9EB60025499C /* Info.plist */ = {isa = PBXFileReference; lastKnownFileType = text.plist.xml; path = Info.plist; sourceTree = "<group>"; };
		04D78C961A7E9EB60025499C /* AppDelegate.swift */ = {isa = PBXFileReference; lastKnownFileType = sourcecode.swift; path = AppDelegate.swift; sourceTree = "<group>"; };
		04D78C981A7E9EB60025499C /* BoardingCardViewController.swift */ = {isa = PBXFileReference; lastKnownFileType = sourcecode.swift; path = BoardingCardViewController.swift; sourceTree = "<group>"; };
		04D78C9B1A7E9EB60025499C /* Base */ = {isa = PBXFileReference; lastKnownFileType = file.storyboard; name = Base; path = Base.lproj/Main.storyboard; sourceTree = "<group>"; };
		04D78C9D1A7E9EB60025499C /* Images.xcassets */ = {isa = PBXFileReference; lastKnownFileType = folder.assetcatalog; path = Images.xcassets; sourceTree = "<group>"; };
		04D78CA01A7E9EB60025499C /* Base */ = {isa = PBXFileReference; lastKnownFileType = file.xib; name = Base; path = Base.lproj/LaunchScreen.xib; sourceTree = "<group>"; };
		04D78CA61A7E9EB60025499C /* BoardingCardsTests.xctest */ = {isa = PBXFileReference; explicitFileType = wrapper.cfbundle; includeInIndex = 0; path = BoardingCardsTests.xctest; sourceTree = BUILT_PRODUCTS_DIR; };
		04D78CAB1A7E9EB60025499C /* Info.plist */ = {isa = PBXFileReference; lastKnownFileType = text.plist.xml; path = Info.plist; sourceTree = "<group>"; };
		04D78CB61A7ECC0E0025499C /* BoardingCardCell.swift */ = {isa = PBXFileReference; fileEncoding = 4; lastKnownFileType = sourcecode.swift; path = BoardingCardCell.swift; sourceTree = "<group>"; };
		04D78CBA1A7ECDD40025499C /* BoardingCardViewControllerTests.swift */ = {isa = PBXFileReference; fileEncoding = 4; lastKnownFileType = sourcecode.swift; path = BoardingCardViewControllerTests.swift; sourceTree = "<group>"; };
		04D78CC31A7ECF0D0025499C /* BoardingCardCellTests.swift */ = {isa = PBXFileReference; fileEncoding = 4; lastKnownFileType = sourcecode.swift; path = BoardingCardCellTests.swift; sourceTree = "<group>"; };
		04D78CC51A7ED5410025499C /* BoardingCard.swift */ = {isa = PBXFileReference; fileEncoding = 4; lastKnownFileType = sourcecode.swift; path = BoardingCard.swift; sourceTree = "<group>"; };
		04D78CC71A7ED7A20025499C /* FlightBoardingCard.swift */ = {isa = PBXFileReference; fileEncoding = 4; lastKnownFileType = sourcecode.swift; path = FlightBoardingCard.swift; sourceTree = "<group>"; };
		04D78CC91A7ED9770025499C /* TrainBoardingCard.swift */ = {isa = PBXFileReference; fileEncoding = 4; lastKnownFileType = sourcecode.swift; path = TrainBoardingCard.swift; sourceTree = "<group>"; };
		04D78CCB1A7ED9BF0025499C /* BusBoardingCard.swift */ = {isa = PBXFileReference; fileEncoding = 4; lastKnownFileType = sourcecode.swift; path = BusBoardingCard.swift; sourceTree = "<group>"; };
		04D78CCD1A7EDA340025499C /* BoardingCardSorterTests.swift */ = {isa = PBXFileReference; fileEncoding = 4; lastKnownFileType = sourcecode.swift; path = BoardingCardSorterTests.swift; sourceTree = "<group>"; };
		04D78CD01A7EDE3E0025499C /* BoardingCardSorter.swift */ = {isa = PBXFileReference; fileEncoding = 4; lastKnownFileType = sourcecode.swift; path = BoardingCardSorter.swift; sourceTree = "<group>"; };
/* End PBXFileReference section */

/* Begin PBXFrameworksBuildPhase section */
		04D78C8E1A7E9EB40025499C /* Frameworks */ = {
			isa = PBXFrameworksBuildPhase;
			buildActionMask = 2147483647;
			files = (
			);
			runOnlyForDeploymentPostprocessing = 0;
		};
		04D78CA31A7E9EB60025499C /* Frameworks */ = {
			isa = PBXFrameworksBuildPhase;
			buildActionMask = 2147483647;
			files = (
			);
			runOnlyForDeploymentPostprocessing = 0;
		};
/* End PBXFrameworksBuildPhase section */

/* Begin PBXGroup section */
		04D78C881A7E9EB40025499C = {
			isa = PBXGroup;
			children = (
				04D78C931A7E9EB40025499C /* BoardingCards */,
				04D78CA91A7E9EB60025499C /* BoardingCardsTests */,
				04D78C921A7E9EB40025499C /* Products */,
			);
			sourceTree = "<group>";
		};
		04D78C921A7E9EB40025499C /* Products */ = {
			isa = PBXGroup;
			children = (
				04D78C911A7E9EB40025499C /* BoardingCards.app */,
				04D78CA61A7E9EB60025499C /* BoardingCardsTests.xctest */,
			);
			name = Products;
			sourceTree = "<group>";
		};
		04D78C931A7E9EB40025499C /* BoardingCards */ = {
			isa = PBXGroup;
			children = (
				04D78CB61A7ECC0E0025499C /* BoardingCardCell.swift */,
				04D78C981A7E9EB60025499C /* BoardingCardViewController.swift */,
				04D78CD01A7EDE3E0025499C /* BoardingCardSorter.swift */,
				04D78C9A1A7E9EB60025499C /* Main.storyboard */,
				04D78CCF1A7EDDF40025499C /* Model */,
				04D78C941A7E9EB60025499C /* Supporting Files */,
			);
			path = BoardingCards;
			sourceTree = "<group>";
		};
		04D78C941A7E9EB60025499C /* Supporting Files */ = {
			isa = PBXGroup;
			children = (
				04D78C9D1A7E9EB60025499C /* Images.xcassets */,
				04D78C9F1A7E9EB60025499C /* LaunchScreen.xib */,
				04D78C961A7E9EB60025499C /* AppDelegate.swift */,
				04D78C951A7E9EB60025499C /* Info.plist */,
			);
			name = "Supporting Files";
			sourceTree = "<group>";
		};
		04D78CA91A7E9EB60025499C /* BoardingCardsTests */ = {
			isa = PBXGroup;
			children = (
				04D78CC31A7ECF0D0025499C /* BoardingCardCellTests.swift */,
				04D78CBA1A7ECDD40025499C /* BoardingCardViewControllerTests.swift */,
				04D78CAA1A7E9EB60025499C /* Supporting Files */,
				04D78CCD1A7EDA340025499C /* BoardingCardSorterTests.swift */,
			);
			path = BoardingCardsTests;
			sourceTree = "<group>";
		};
		04D78CAA1A7E9EB60025499C /* Supporting Files */ = {
			isa = PBXGroup;
			children = (
				04D78CAB1A7E9EB60025499C /* Info.plist */,
			);
			name = "Supporting Files";
			sourceTree = "<group>";
		};
		04D78CCF1A7EDDF40025499C /* Model */ = {
			isa = PBXGroup;
			children = (
				04D78CC51A7ED5410025499C /* BoardingCard.swift */,
				04D78CCB1A7ED9BF0025499C /* BusBoardingCard.swift */,
				04D78CC71A7ED7A20025499C /* FlightBoardingCard.swift */,
				04D78CC91A7ED9770025499C /* TrainBoardingCard.swift */,
			);
			name = Model;
			sourceTree = "<group>";
		};
/* End PBXGroup section */

/* Begin PBXNativeTarget section */
		04D78C901A7E9EB40025499C /* BoardingCards */ = {
			isa = PBXNativeTarget;
			buildConfigurationList = 04D78CB01A7E9EB60025499C /* Build configuration list for PBXNativeTarget "BoardingCards" */;
			buildPhases = (
				04D78C8D1A7E9EB40025499C /* Sources */,
				04D78C8E1A7E9EB40025499C /* Frameworks */,
				04D78C8F1A7E9EB40025499C /* Resources */,
			);
			buildRules = (
			);
			dependencies = (
			);
			name = BoardingCards;
			productName = BoardingCards;
			productReference = 04D78C911A7E9EB40025499C /* BoardingCards.app */;
			productType = "com.apple.product-type.application";
		};
		04D78CA51A7E9EB60025499C /* BoardingCardsTests */ = {
			isa = PBXNativeTarget;
			buildConfigurationList = 04D78CB31A7E9EB60025499C /* Build configuration list for PBXNativeTarget "BoardingCardsTests" */;
			buildPhases = (
				04D78CA21A7E9EB60025499C /* Sources */,
				04D78CA31A7E9EB60025499C /* Frameworks */,
				04D78CA41A7E9EB60025499C /* Resources */,
			);
			buildRules = (
			);
			dependencies = (
				04D78CA81A7E9EB60025499C /* PBXTargetDependency */,
			);
			name = BoardingCardsTests;
			productName = BoardingCardsTests;
			productReference = 04D78CA61A7E9EB60025499C /* BoardingCardsTests.xctest */;
			productType = "com.apple.product-type.bundle.unit-test";
		};
/* End PBXNativeTarget section */

/* Begin PBXProject section */
		04D78C891A7E9EB40025499C /* Project object */ = {
			isa = PBXProject;
			attributes = {
				LastUpgradeCheck = 0610;
				ORGANIZATIONNAME = AnaNogal;
				TargetAttributes = {
					04D78C901A7E9EB40025499C = {
						CreatedOnToolsVersion = 6.1.1;
					};
					04D78CA51A7E9EB60025499C = {
						CreatedOnToolsVersion = 6.1.1;
						TestTargetID = 04D78C901A7E9EB40025499C;
					};
				};
			};
			buildConfigurationList = 04D78C8C1A7E9EB40025499C /* Build configuration list for PBXProject "BoardingCards" */;
			compatibilityVersion = "Xcode 3.2";
			developmentRegion = English;
			hasScannedForEncodings = 0;
			knownRegions = (
				en,
				Base,
			);
			mainGroup = 04D78C881A7E9EB40025499C;
			productRefGroup = 04D78C921A7E9EB40025499C /* Products */;
			projectDirPath = "";
			projectRoot = "";
			targets = (
				04D78C901A7E9EB40025499C /* BoardingCards */,
				04D78CA51A7E9EB60025499C /* BoardingCardsTests */,
			);
		};
/* End PBXProject section */

/* Begin PBXResourcesBuildPhase section */
		04D78C8F1A7E9EB40025499C /* Resources */ = {
			isa = PBXResourcesBuildPhase;
			buildActionMask = 2147483647;
			files = (
				04D78C9C1A7E9EB60025499C /* Main.storyboard in Resources */,
				04D78CA11A7E9EB60025499C /* LaunchScreen.xib in Resources */,
				04D78C9E1A7E9EB60025499C /* Images.xcassets in Resources */,
			);
			runOnlyForDeploymentPostprocessing = 0;
		};
		04D78CA41A7E9EB60025499C /* Resources */ = {
			isa = PBXResourcesBuildPhase;
			buildActionMask = 2147483647;
			files = (
			);
			runOnlyForDeploymentPostprocessing = 0;
		};
/* End PBXResourcesBuildPhase section */

/* Begin PBXSourcesBuildPhase section */
		04D78C8D1A7E9EB40025499C /* Sources */ = {
			isa = PBXSourcesBuildPhase;
			buildActionMask = 2147483647;
			files = (
				04D78CD11A7EDE3E0025499C /* BoardingCardSorter.swift in Sources */,
				04D78CCA1A7ED9770025499C /* TrainBoardingCard.swift in Sources */,
				04D78C991A7E9EB60025499C /* BoardingCardViewController.swift in Sources */,
				04D78CC61A7ED5410025499C /* BoardingCard.swift in Sources */,
				04D78CCC1A7ED9BF0025499C /* BusBoardingCard.swift in Sources */,
				04D78CC81A7ED7A20025499C /* FlightBoardingCard.swift in Sources */,
				04D78C971A7E9EB60025499C /* AppDelegate.swift in Sources */,
				04D78CB71A7ECC0E0025499C /* BoardingCardCell.swift in Sources */,
			);
			runOnlyForDeploymentPostprocessing = 0;
		};
		04D78CA21A7E9EB60025499C /* Sources */ = {
			isa = PBXSourcesBuildPhase;
			buildActionMask = 2147483647;
			files = (
				04D78CBB1A7ECDD40025499C /* BoardingCardViewControllerTests.swift in Sources */,
				04D78CCE1A7EDA340025499C /* BoardingCardSorterTests.swift in Sources */,
				04D78CC41A7ECF0D0025499C /* BoardingCardCellTests.swift in Sources */,
			);
			runOnlyForDeploymentPostprocessing = 0;
		};
/* End PBXSourcesBuildPhase section */

/* Begin PBXTargetDependency section */
		04D78CA81A7E9EB60025499C /* PBXTargetDependency */ = {
			isa = PBXTargetDependency;
			target = 04D78C901A7E9EB40025499C /* BoardingCards */;
			targetProxy = 04D78CA71A7E9EB60025499C /* PBXContainerItemProxy */;
		};
/* End PBXTargetDependency section */

/* Begin PBXVariantGroup section */
		04D78C9A1A7E9EB60025499C /* Main.storyboard */ = {
			isa = PBXVariantGroup;
			children = (
				04D78C9B1A7E9EB60025499C /* Base */,
			);
			name = Main.storyboard;
			sourceTree = "<group>";
		};
		04D78C9F1A7E9EB60025499C /* LaunchScreen.xib */ = {
			isa = PBXVariantGroup;
			children = (
				04D78CA01A7E9EB60025499C /* Base */,
			);
			name = LaunchScreen.xib;
			sourceTree = "<group>";
		};
/* End PBXVariantGroup section */

/* Begin XCBuildConfiguration section */
		04D78CAE1A7E9EB60025499C /* Debug */ = {
			isa = XCBuildConfiguration;
			buildSettings = {
				ALWAYS_SEARCH_USER_PATHS = NO;
				CLANG_CXX_LANGUAGE_STANDARD = "gnu++0x";
				CLANG_CXX_LIBRARY = "libc++";
				CLANG_ENABLE_MODULES = YES;
				CLANG_ENABLE_OBJC_ARC = YES;
				CLANG_WARN_BOOL_CONVERSION = YES;
				CLANG_WARN_CONSTANT_CONVERSION = YES;
				CLANG_WARN_DIRECT_OBJC_ISA_USAGE = YES_ERROR;
				CLANG_WARN_EMPTY_BODY = YES;
				CLANG_WARN_ENUM_CONVERSION = YES;
				CLANG_WARN_INT_CONVERSION = YES;
				CLANG_WARN_OBJC_ROOT_CLASS = YES_ERROR;
				CLANG_WARN_UNREACHABLE_CODE = YES;
				CLANG_WARN__DUPLICATE_METHOD_MATCH = YES;
				"CODE_SIGN_IDENTITY[sdk=iphoneos*]" = "iPhone Developer";
				COPY_PHASE_STRIP = NO;
				ENABLE_STRICT_OBJC_MSGSEND = YES;
				GCC_C_LANGUAGE_STANDARD = gnu99;
				GCC_DYNAMIC_NO_PIC = NO;
				GCC_OPTIMIZATION_LEVEL = 0;
				GCC_PREPROCESSOR_DEFINITIONS = (
					"DEBUG=1",
					"$(inherited)",
				);
				GCC_SYMBOLS_PRIVATE_EXTERN = NO;
				GCC_WARN_64_TO_32_BIT_CONVERSION = YES;
				GCC_WARN_ABOUT_RETURN_TYPE = YES_ERROR;
				GCC_WARN_UNDECLARED_SELECTOR = YES;
				GCC_WARN_UNINITIALIZED_AUTOS = YES_AGGRESSIVE;
				GCC_WARN_UNUSED_FUNCTION = YES;
				GCC_WARN_UNUSED_VARIABLE = YES;
				IPHONEOS_DEPLOYMENT_TARGET = 8.1;
				MTL_ENABLE_DEBUG_INFO = YES;
				ONLY_ACTIVE_ARCH = YES;
				SDKROOT = iphoneos;
				SWIFT_OPTIMIZATION_LEVEL = "-Onone";
			};
			name = Debug;
		};
		04D78CAF1A7E9EB60025499C /* Release */ = {
			isa = XCBuildConfiguration;
			buildSettings = {
				ALWAYS_SEARCH_USER_PATHS = NO;
				CLANG_CXX_LANGUAGE_STANDARD = "gnu++0x";
				CLANG_CXX_LIBRARY = "libc++";
				CLANG_ENABLE_MODULES = YES;
				CLANG_ENABLE_OBJC_ARC = YES;
				CLANG_WARN_BOOL_CONVERSION = YES;
				CLANG_WARN_CONSTANT_CONVERSION = YES;
				CLANG_WARN_DIRECT_OBJC_ISA_USAGE = YES_ERROR;
				CLANG_WARN_EMPTY_BODY = YES;
				CLANG_WARN_ENUM_CONVERSION = YES;
				CLANG_WARN_INT_CONVERSION = YES;
				CLANG_WARN_OBJC_ROOT_CLASS = YES_ERROR;
				CLANG_WARN_UNREACHABLE_CODE = YES;
				CLANG_WARN__DUPLICATE_METHOD_MATCH = YES;
				"CODE_SIGN_IDENTITY[sdk=iphoneos*]" = "iPhone Developer";
				COPY_PHASE_STRIP = YES;
				ENABLE_NS_ASSERTIONS = NO;
				ENABLE_STRICT_OBJC_MSGSEND = YES;
				GCC_C_LANGUAGE_STANDARD = gnu99;
				GCC_WARN_64_TO_32_BIT_CONVERSION = YES;
				GCC_WARN_ABOUT_RETURN_TYPE = YES_ERROR;
				GCC_WARN_UNDECLARED_SELECTOR = YES;
				GCC_WARN_UNINITIALIZED_AUTOS = YES_AGGRESSIVE;
				GCC_WARN_UNUSED_FUNCTION = YES;
				GCC_WARN_UNUSED_VARIABLE = YES;
				IPHONEOS_DEPLOYMENT_TARGET = 8.1;
				MTL_ENABLE_DEBUG_INFO = NO;
				SDKROOT = iphoneos;
				VALIDATE_PRODUCT = YES;
			};
			name = Release;
		};
		04D78CB11A7E9EB60025499C /* Debug */ = {
			isa = XCBuildConfiguration;
			buildSettings = {
				ASSETCATALOG_COMPILER_APPICON_NAME = AppIcon;
				INFOPLIST_FILE = BoardingCards/Info.plist;
				LD_RUNPATH_SEARCH_PATHS = "$(inherited) @executable_path/Frameworks";
				PRODUCT_NAME = "$(TARGET_NAME)";
			};
			name = Debug;
		};
		04D78CB21A7E9EB60025499C /* Release */ = {
			isa = XCBuildConfiguration;
			buildSettings = {
				ASSETCATALOG_COMPILER_APPICON_NAME = AppIcon;
				INFOPLIST_FILE = BoardingCards/Info.plist;
				LD_RUNPATH_SEARCH_PATHS = "$(inherited) @executable_path/Frameworks";
				PRODUCT_NAME = "$(TARGET_NAME)";
			};
			name = Release;
		};
		04D78CB41A7E9EB60025499C /* Debug */ = {
			isa = XCBuildConfiguration;
			buildSettings = {
				BUNDLE_LOADER = "$(TEST_HOST)";
				FRAMEWORK_SEARCH_PATHS = (
					"$(SDKROOT)/Developer/Library/Frameworks",
					"$(inherited)",
				);
				GCC_PREPROCESSOR_DEFINITIONS = (
					"DEBUG=1",
					"$(inherited)",
				);
				INFOPLIST_FILE = BoardingCardsTests/Info.plist;
				LD_RUNPATH_SEARCH_PATHS = "$(inherited) @executable_path/Frameworks @loader_path/Frameworks";
				PRODUCT_NAME = "$(TARGET_NAME)";
				TEST_HOST = "$(BUILT_PRODUCTS_DIR)/BoardingCards.app/BoardingCards";
			};
			name = Debug;
		};
		04D78CB51A7E9EB60025499C /* Release */ = {
			isa = XCBuildConfiguration;
			buildSettings = {
				BUNDLE_LOADER = "$(TEST_HOST)";
				FRAMEWORK_SEARCH_PATHS = (
					"$(SDKROOT)/Developer/Library/Frameworks",
					"$(inherited)",
				);
				INFOPLIST_FILE = BoardingCardsTests/Info.plist;
				LD_RUNPATH_SEARCH_PATHS = "$(inherited) @executable_path/Frameworks @loader_path/Frameworks";
				PRODUCT_NAME = "$(TARGET_NAME)";
				TEST_HOST = "$(BUILT_PRODUCTS_DIR)/BoardingCards.app/BoardingCards";
			};
			name = Release;
		};
/* End XCBuildConfiguration section */

/* Begin XCConfigurationList section */
		04D78C8C1A7E9EB40025499C /* Build configuration list for PBXProject "BoardingCards" */ = {
			isa = XCConfigurationList;
			buildConfigurations = (
				04D78CAE1A7E9EB60025499C /* Debug */,
				04D78CAF1A7E9EB60025499C /* Release */,
			);
			defaultConfigurationIsVisible = 0;
			defaultConfigurationName = Release;
		};
		04D78CB01A7E9EB60025499C /* Build configuration list for PBXNativeTarget "BoardingCards" */ = {
			isa = XCConfigurationList;
			buildConfigurations = (
				04D78CB11A7E9EB60025499C /* Debug */,
				04D78CB21A7E9EB60025499C /* Release */,
			);
			defaultConfigurationIsVisible = 0;
			defaultConfigurationName = Release;
		};
		04D78CB31A7E9EB60025499C /* Build configuration list for PBXNativeTarget "BoardingCardsTests" */ = {
			isa = XCConfigurationList;
			buildConfigurations = (
				04D78CB41A7E9EB60025499C /* Debug */,
				04D78CB51A7E9EB60025499C /* Release */,
			);
			defaultConfigurationIsVisible = 0;
			defaultConfigurationName = Release;
		};
/* End XCConfigurationList section */
	};
	rootObject = 04D78C891A7E9EB40025499C /* Project object */;
}
